
Microsoft Visual Studio Solution File, Format Version 12.00
# Visual Studio Version 17
VisualStudioVersion = 17.2.32526.322
MinimumVisualStudioVersion = 10.0.40219.1
Project("{FAE04EC0-301F-11D3-BF4B-00C04F79EFBC}") = "QLBHLuongDat.WEB", "QLBHLuongDat.WEB\QLBHLuongDat.WEB.csproj", "{3DA38CAA-6B47-4192-82A2-238D9323F5C4}"
EndProject
Project("{FAE04EC0-301F-11D3-BF4B-00C04F79EFBC}") = "QLBHLuongDat.Common", "QLBHLuongDat.Common\QLBHLuongDat.Common.csproj", "{8CA3B89F-4F4B-4013-B212-B07F8681319C}"
EndProject
Project("{FAE04EC0-301F-11D3-BF4B-00C04F79EFBC}") = "QLBHLuongDat.DAL", "QLBHLuongDat.DAL\QLBHLuongDat.DAL.csproj", "{A85C6204-DB16-472B-A9D0-6FDE88D9EE8C}"
EndProject
Project("{FAE04EC0-301F-11D3-BF4B-00C04F79EFBC}") = "QLBHLuongDat.BLL", "QLBHLuongDat.BLL\QLBHLuongDat.BLL.csproj", "{743A235A-55D7-4900-B586-BD43BF37E26E}"
EndProject
Global
	GlobalSection(SolutionConfigurationPlatforms) = preSolution
		Debug|Any CPU = Debug|Any CPU
		Release|Any CPU = Release|Any CPU
	EndGlobalSection
	GlobalSection(ProjectConfigurationPlatforms) = postSolution
		{3DA38CAA-6B47-4192-82A2-238D9323F5C4}.Debug|Any CPU.ActiveCfg = Debug|Any CPU
		{3DA38CAA-6B47-4192-82A2-238D9323F5C4}.Debug|Any CPU.Build.0 = Debug|Any CPU
		{3DA38CAA-6B47-4192-82A2-238D9323F5C4}.Release|Any CPU.ActiveCfg = Release|Any CPU
		{3DA38CAA-6B47-4192-82A2-238D9323F5C4}.Release|Any CPU.Build.0 = Release|Any CPU
		{8CA3B89F-4F4B-4013-B212-B07F8681319C}.Debug|Any CPU.ActiveCfg = Debug|Any CPU
		{8CA3B89F-4F4B-4013-B212-B07F8681319C}.Debug|Any CPU.Build.0 = Debug|Any CPU
		{8CA3B89F-4F4B-4013-B212-B07F8681319C}.Release|Any CPU.ActiveCfg = Release|Any CPU
		{8CA3B89F-4F4B-4013-B212-B07F8681319C}.Release|Any CPU.Build.0 = Release|Any CPU
		{A85C6204-DB16-472B-A9D0-6FDE88D9EE8C}.Debug|Any CPU.ActiveCfg = Debug|Any CPU
		{A85C6204-DB16-472B-A9D0-6FDE88D9EE8C}.Debug|Any CPU.Build.0 = Debug|Any CPU
		{A85C6204-DB16-472B-A9D0-6FDE88D9EE8C}.Release|Any CPU.ActiveCfg = Release|Any CPU
		{A85C6204-DB16-472B-A9D0-6FDE88D9EE8C}.Release|Any CPU.Build.0 = Release|Any CPU
		{743A235A-55D7-4900-B586-BD43BF37E26E}.Debug|Any CPU.ActiveCfg = Debug|Any CPU
		{743A235A-55D7-4900-B586-BD43BF37E26E}.Debug|Any CPU.Build.0 = Debug|Any CPU
		{743A235A-55D7-4900-B586-BD43BF37E26E}.Release|Any CPU.ActiveCfg = Release|Any CPU
		{743A235A-55D7-4900-B586-BD43BF37E26E}.Release|Any CPU.Build.0 = Release|Any CPU
	EndGlobalSection
	GlobalSection(SolutionProperties) = preSolution
		HideSolutionNode = FALSE
	EndGlobalSection
	GlobalSection(ExtensibilityGlobals) = postSolution
		SolutionGuid = {D302B070-E1DC-48EF-9A8E-D5F0335588D7}
	EndGlobalSection
EndGlobal
